
Microsoft Visual Studio Solution File, Format Version 12.00
# Visual Studio Version 17
VisualStudioVersion = 17.5.002.0
MinimumVisualStudioVersion = 10.0.40219.1
Project("{9A19103F-16F7-4668-BE54-9A1E7A4F7556}") = "task00", "task00\task00.csproj", "{2202813B-5107-4378-89D2-803559B1A36B}"
EndProject
Project("{9A19103F-16F7-4668-BE54-9A1E7A4F7556}") = "task01", "task01\task01.csproj", "{E7081E31-1FBA-41B0-9EA0-A8A9635DC643}"
EndProject
Project("{9A19103F-16F7-4668-BE54-9A1E7A4F7556}") = "task01_auto", "task01_auto\task01_auto.csproj", "{BC42AE31-B336-48F6-A32D-35D034CA67A7}"
EndProject
Project("{9A19103F-16F7-4668-BE54-9A1E7A4F7556}") = "task03_autotest", "task02_auto\task03_autotest.csproj", "{5F36819D-2FD7-4422-807F-FDDEB3A5D148}"
EndProject
Project("{9A19103F-16F7-4668-BE54-9A1E7A4F7556}") = "task2_hw", "task02_hw\task2_hw.csproj", "{DD2E95BA-A6E4-481C-97CB-1F78C4DDFB31}"
EndProject
Project("{9A19103F-16F7-4668-BE54-9A1E7A4F7556}") = "task03", "task03\task03.csproj", "{A6E010C0-5F91-4B08-9B61-8EF4656A438A}"
EndProject
Project("{9A19103F-16F7-4668-BE54-9A1E7A4F7556}") = "task04_hw", "task04_hw\task04_hw.csproj", "{76C92F03-BAE0-44B6-810E-1EF12C81C383}"
EndProject
Project("{9A19103F-16F7-4668-BE54-9A1E7A4F7556}") = "task05", "task05\task05.csproj", "{4F417C0C-303E-4505-941A-E172C3A99538}"
EndProject
Project("{9A19103F-16F7-4668-BE54-9A1E7A4F7556}") = "task06_hw", "task06_hw\task06_hw.csproj", "{4281202C-A5C0-42DC-B9C2-27B8AD94C069}"
EndProject
Project("{9A19103F-16F7-4668-BE54-9A1E7A4F7556}") = "task07", "task07\task07.csproj", "{77FB9E64-95FF-4F4E-84A0-F06C31104FF2}"
EndProject
Project("{9A19103F-16F7-4668-BE54-9A1E7A4F7556}") = "task08_hw", "task08_hw\task08_hw.csproj", "{853C841B-4EA7-401A-8322-82CE27BDDEE3}"
EndProject
Project("{9A19103F-16F7-4668-BE54-9A1E7A4F7556}") = "task09", "task09\task09.csproj", "{70A35D47-AACB-4D6F-829B-F4ACA71B0337}"
EndProject
Project("{9A19103F-16F7-4668-BE54-9A1E7A4F7556}") = "task10_hw", "task10_hw\task10_hw.csproj", "{251ED2D0-B074-41A8-8149-30CA15876D2A}"
EndProject
Project("{9A19103F-16F7-4668-BE54-9A1E7A4F7556}") = "task11", "task11\task11.csproj", "{C5A173A2-E6F0-4E57-8A13-8B28E46E0F23}"
EndProject
Project("{9A19103F-16F7-4668-BE54-9A1E7A4F7556}") = "task12", "task12\task12.csproj", "{5C46E06F-5F02-4E16-9A22-2A5432474240}"
EndProject
Project("{9A19103F-16F7-4668-BE54-9A1E7A4F7556}") = "task13_hw", "task13_hw\task13_hw.csproj", "{3B96CFA8-01B5-4839-8EE1-4434643180D9}"
EndProject
Project("{9A19103F-16F7-4668-BE54-9A1E7A4F7556}") = "task14", "task14\task14.csproj", "{FC445AD3-0833-4593-90A1-602CF741D877}"
EndProject
Project("{9A19103F-16F7-4668-BE54-9A1E7A4F7556}") = "task15_hw", "task15_hw\task15_hw.csproj", "{0CEDDAD4-BC60-46F5-A7CC-6997FA377C18}"
EndProject
Project("{9A19103F-16F7-4668-BE54-9A1E7A4F7556}") = "task16", "task16\task16.csproj", "{B94DE0DB-1721-48A9-99F4-F0F3ECD95933}"
EndProject
Project("{9A19103F-16F7-4668-BE54-9A1E7A4F7556}") = "task17", "task17\task17.csproj", "{5C2DF853-E84D-4C71-9386-9BBBC5EDAC2A}"
EndProject
Project("{9A19103F-16F7-4668-BE54-9A1E7A4F7556}") = "task18", "task18\task18.csproj", "{FB9304BB-67F0-433B-98CF-052CDC84C561}"
EndProject
Project("{9A19103F-16F7-4668-BE54-9A1E7A4F7556}") = "task20", "task20\task20.csproj", "{0CAA5E0F-2669-4D55-9B0B-38885F8B01B8}"
EndProject
Project("{9A19103F-16F7-4668-BE54-9A1E7A4F7556}") = "task22", "task22\task22.csproj", "{32A786D7-D9FB-42A4-898E-94F04536CD55}"
EndProject
Project("{9A19103F-16F7-4668-BE54-9A1E7A4F7556}") = "task24", "task24\task24.csproj", "{C539BBB4-6E85-4882-9255-7C718ECC1344}"
EndProject
Project("{9A19103F-16F7-4668-BE54-9A1E7A4F7556}") = "task25_hw", "task25_hw\task25_hw.csproj", "{B12D9361-240B-4D12-854F-F8CDCD2A1606}"
EndProject
Project("{9A19103F-16F7-4668-BE54-9A1E7A4F7556}") = "task26", "task26\task26.csproj", "{68F53531-AF1A-4853-A2C3-94C09557EF01}"
EndProject
Project("{9A19103F-16F7-4668-BE54-9A1E7A4F7556}") = "task27_hw", "task27_hw\task27_hw.csproj", "{4476F210-397C-4671-9286-E9800D261367}"
EndProject
Project("{9A19103F-16F7-4668-BE54-9A1E7A4F7556}") = "task28", "task28\task28.csproj", "{BB34A85E-34EF-4902-8FE1-5C028EB34957}"
EndProject
Project("{9A19103F-16F7-4668-BE54-9A1E7A4F7556}") = "task29_hw", "task29_hw\task29_hw.csproj", "{F1558F84-7B07-4597-A2B5-BD0585153CB9}"
EndProject
Project("{9A19103F-16F7-4668-BE54-9A1E7A4F7556}") = "task30", "task30\task30.csproj", "{9FAABA50-B487-4F4D-B9CF-CA4E89B625FF}"
EndProject
Project("{9A19103F-16F7-4668-BE54-9A1E7A4F7556}") = "task31", "task31\task31.csproj", "{1076D54B-5673-4D3E-8B84-463FCFA0B740}"
EndProject
Project("{9A19103F-16F7-4668-BE54-9A1E7A4F7556}") = "task32", "task32\task32.csproj", "{7660FD98-646E-4802-878E-AD6ACC7CE37E}"
EndProject
Project("{9A19103F-16F7-4668-BE54-9A1E7A4F7556}") = "task33", "task33\task33.csproj", "{DD82A690-A117-486B-B3CD-CDC5E4EBF97D}"
EndProject
Project("{9A19103F-16F7-4668-BE54-9A1E7A4F7556}") = "task34_hw", "task34_hw\task34_hw.csproj", "{6571514A-E1E4-4ADD-9E1E-A63C411B6EDA}"
EndProject
Project("{9A19103F-16F7-4668-BE54-9A1E7A4F7556}") = "task35", "task35\task35.csproj", "{A89A3A8B-F367-40C3-B324-83AD43D5D1D3}"
EndProject
Project("{9A19103F-16F7-4668-BE54-9A1E7A4F7556}") = "task36_hw", "task36_hw\task36_hw.csproj", "{01676EF4-124B-45D6-A19C-16A79A233636}"
EndProject
Project("{9A19103F-16F7-4668-BE54-9A1E7A4F7556}") = "task38_hw", "task38_hw\task38_hw.csproj", "{2E1162E4-FA65-487D-AFA9-59B666DEBBB1}"
EndProject
Project("{9A19103F-16F7-4668-BE54-9A1E7A4F7556}") = "task39", "task39\task39.csproj", "{0C1895B4-36EA-4402-8D59-9823411321FC}"
EndProject
Project("{9A19103F-16F7-4668-BE54-9A1E7A4F7556}") = "task3_auto", "task3_auto\task3_auto.csproj", "{4B71D9E8-A87E-4D10-99C3-BE001D6776E4}"
EndProject
Project("{9A19103F-16F7-4668-BE54-9A1E7A4F7556}") = "task40", "task40\task40.csproj", "{D7A45BAE-D59E-4015-9126-3DB48AD52239}"
EndProject
Project("{9A19103F-16F7-4668-BE54-9A1E7A4F7556}") = "task41_hw", "task41_hw\task41_hw.csproj", "{6FB30911-24AE-4ECE-8F04-EAB26E88FFC9}"
EndProject
Project("{9A19103F-16F7-4668-BE54-9A1E7A4F7556}") = "task42", "task42\task42.csproj", "{4708F0B7-0577-4377-A3FA-DC6D310D1CFB}"
EndProject
Project("{9A19103F-16F7-4668-BE54-9A1E7A4F7556}") = "task43_hw", "task43_hw\task43_hw.csproj", "{1E8F522D-2D18-4F1A-A119-058A8C0CC03C}"
EndProject
Project("{9A19103F-16F7-4668-BE54-9A1E7A4F7556}") = "task44", "task44\task44.csproj", "{AFCBDD5E-77EC-4570-ADE0-57BAEC8C4729}"
EndProject
Project("{9A19103F-16F7-4668-BE54-9A1E7A4F7556}") = "task45", "task45\task45.csproj", "{015EE871-B5F4-488C-A892-6C761CC3F5E7}"
EndProject
Project("{9A19103F-16F7-4668-BE54-9A1E7A4F7556}") = "task46", "task46\task46.csproj", "{9C6C46C1-6549-4C66-9EAC-596CCE57BE31}"
EndProject
Project("{9A19103F-16F7-4668-BE54-9A1E7A4F7556}") = "task48", "task48\task48.csproj", "{4DF1C004-51EF-43FB-82D7-847537D5ED8F}"
EndProject
Project("{9A19103F-16F7-4668-BE54-9A1E7A4F7556}") = "task49", "task49\task49.csproj", "{CA8D563B-FF06-41EB-AA78-B52FC6E24079}"
EndProject
Project("{9A19103F-16F7-4668-BE54-9A1E7A4F7556}") = "task51", "task51\task51.csproj", "{07485C20-CA10-4769-9C12-2C48B99B8E36}"
EndProject
Global
	GlobalSection(SolutionConfigurationPlatforms) = preSolution
		Debug|Any CPU = Debug|Any CPU
		Release|Any CPU = Release|Any CPU
	EndGlobalSection
	GlobalSection(ProjectConfigurationPlatforms) = postSolution
		{2202813B-5107-4378-89D2-803559B1A36B}.Debug|Any CPU.ActiveCfg = Debug|Any CPU
		{2202813B-5107-4378-89D2-803559B1A36B}.Debug|Any CPU.Build.0 = Debug|Any CPU
		{2202813B-5107-4378-89D2-803559B1A36B}.Release|Any CPU.ActiveCfg = Release|Any CPU
		{2202813B-5107-4378-89D2-803559B1A36B}.Release|Any CPU.Build.0 = Release|Any CPU
		{E7081E31-1FBA-41B0-9EA0-A8A9635DC643}.Debug|Any CPU.ActiveCfg = Debug|Any CPU
		{E7081E31-1FBA-41B0-9EA0-A8A9635DC643}.Debug|Any CPU.Build.0 = Debug|Any CPU
		{E7081E31-1FBA-41B0-9EA0-A8A9635DC643}.Release|Any CPU.ActiveCfg = Release|Any CPU
		{E7081E31-1FBA-41B0-9EA0-A8A9635DC643}.Release|Any CPU.Build.0 = Release|Any CPU
		{BC42AE31-B336-48F6-A32D-35D034CA67A7}.Debug|Any CPU.ActiveCfg = Debug|Any CPU
		{BC42AE31-B336-48F6-A32D-35D034CA67A7}.Debug|Any CPU.Build.0 = Debug|Any CPU
		{BC42AE31-B336-48F6-A32D-35D034CA67A7}.Release|Any CPU.ActiveCfg = Release|Any CPU
		{BC42AE31-B336-48F6-A32D-35D034CA67A7}.Release|Any CPU.Build.0 = Release|Any CPU
		{5F36819D-2FD7-4422-807F-FDDEB3A5D148}.Debug|Any CPU.ActiveCfg = Debug|Any CPU
		{5F36819D-2FD7-4422-807F-FDDEB3A5D148}.Debug|Any CPU.Build.0 = Debug|Any CPU
		{5F36819D-2FD7-4422-807F-FDDEB3A5D148}.Release|Any CPU.ActiveCfg = Release|Any CPU
		{5F36819D-2FD7-4422-807F-FDDEB3A5D148}.Release|Any CPU.Build.0 = Release|Any CPU
		{DD2E95BA-A6E4-481C-97CB-1F78C4DDFB31}.Debug|Any CPU.ActiveCfg = Debug|Any CPU
		{DD2E95BA-A6E4-481C-97CB-1F78C4DDFB31}.Debug|Any CPU.Build.0 = Debug|Any CPU
		{DD2E95BA-A6E4-481C-97CB-1F78C4DDFB31}.Release|Any CPU.ActiveCfg = Release|Any CPU
		{DD2E95BA-A6E4-481C-97CB-1F78C4DDFB31}.Release|Any CPU.Build.0 = Release|Any CPU
		{A6E010C0-5F91-4B08-9B61-8EF4656A438A}.Debug|Any CPU.ActiveCfg = Debug|Any CPU
		{A6E010C0-5F91-4B08-9B61-8EF4656A438A}.Debug|Any CPU.Build.0 = Debug|Any CPU
		{A6E010C0-5F91-4B08-9B61-8EF4656A438A}.Release|Any CPU.ActiveCfg = Release|Any CPU
		{A6E010C0-5F91-4B08-9B61-8EF4656A438A}.Release|Any CPU.Build.0 = Release|Any CPU
		{76C92F03-BAE0-44B6-810E-1EF12C81C383}.Debug|Any CPU.ActiveCfg = Debug|Any CPU
		{76C92F03-BAE0-44B6-810E-1EF12C81C383}.Debug|Any CPU.Build.0 = Debug|Any CPU
		{76C92F03-BAE0-44B6-810E-1EF12C81C383}.Release|Any CPU.ActiveCfg = Release|Any CPU
		{76C92F03-BAE0-44B6-810E-1EF12C81C383}.Release|Any CPU.Build.0 = Release|Any CPU
		{4F417C0C-303E-4505-941A-E172C3A99538}.Debug|Any CPU.ActiveCfg = Debug|Any CPU
		{4F417C0C-303E-4505-941A-E172C3A99538}.Debug|Any CPU.Build.0 = Debug|Any CPU
		{4F417C0C-303E-4505-941A-E172C3A99538}.Release|Any CPU.ActiveCfg = Release|Any CPU
		{4F417C0C-303E-4505-941A-E172C3A99538}.Release|Any CPU.Build.0 = Release|Any CPU
		{4281202C-A5C0-42DC-B9C2-27B8AD94C069}.Debug|Any CPU.ActiveCfg = Debug|Any CPU
		{4281202C-A5C0-42DC-B9C2-27B8AD94C069}.Debug|Any CPU.Build.0 = Debug|Any CPU
		{4281202C-A5C0-42DC-B9C2-27B8AD94C069}.Release|Any CPU.ActiveCfg = Release|Any CPU
		{4281202C-A5C0-42DC-B9C2-27B8AD94C069}.Release|Any CPU.Build.0 = Release|Any CPU
		{77FB9E64-95FF-4F4E-84A0-F06C31104FF2}.Debug|Any CPU.ActiveCfg = Debug|Any CPU
		{77FB9E64-95FF-4F4E-84A0-F06C31104FF2}.Debug|Any CPU.Build.0 = Debug|Any CPU
		{77FB9E64-95FF-4F4E-84A0-F06C31104FF2}.Release|Any CPU.ActiveCfg = Release|Any CPU
		{77FB9E64-95FF-4F4E-84A0-F06C31104FF2}.Release|Any CPU.Build.0 = Release|Any CPU
		{853C841B-4EA7-401A-8322-82CE27BDDEE3}.Debug|Any CPU.ActiveCfg = Debug|Any CPU
		{853C841B-4EA7-401A-8322-82CE27BDDEE3}.Debug|Any CPU.Build.0 = Debug|Any CPU
		{853C841B-4EA7-401A-8322-82CE27BDDEE3}.Release|Any CPU.ActiveCfg = Release|Any CPU
		{853C841B-4EA7-401A-8322-82CE27BDDEE3}.Release|Any CPU.Build.0 = Release|Any CPU
		{70A35D47-AACB-4D6F-829B-F4ACA71B0337}.Debug|Any CPU.ActiveCfg = Debug|Any CPU
		{70A35D47-AACB-4D6F-829B-F4ACA71B0337}.Debug|Any CPU.Build.0 = Debug|Any CPU
		{70A35D47-AACB-4D6F-829B-F4ACA71B0337}.Release|Any CPU.ActiveCfg = Release|Any CPU
		{70A35D47-AACB-4D6F-829B-F4ACA71B0337}.Release|Any CPU.Build.0 = Release|Any CPU
		{251ED2D0-B074-41A8-8149-30CA15876D2A}.Debug|Any CPU.ActiveCfg = Debug|Any CPU
		{251ED2D0-B074-41A8-8149-30CA15876D2A}.Debug|Any CPU.Build.0 = Debug|Any CPU
		{251ED2D0-B074-41A8-8149-30CA15876D2A}.Release|Any CPU.ActiveCfg = Release|Any CPU
		{251ED2D0-B074-41A8-8149-30CA15876D2A}.Release|Any CPU.Build.0 = Release|Any CPU
		{C5A173A2-E6F0-4E57-8A13-8B28E46E0F23}.Debug|Any CPU.ActiveCfg = Debug|Any CPU
		{C5A173A2-E6F0-4E57-8A13-8B28E46E0F23}.Debug|Any CPU.Build.0 = Debug|Any CPU
		{C5A173A2-E6F0-4E57-8A13-8B28E46E0F23}.Release|Any CPU.ActiveCfg = Release|Any CPU
		{C5A173A2-E6F0-4E57-8A13-8B28E46E0F23}.Release|Any CPU.Build.0 = Release|Any CPU
		{5C46E06F-5F02-4E16-9A22-2A5432474240}.Debug|Any CPU.ActiveCfg = Debug|Any CPU
		{5C46E06F-5F02-4E16-9A22-2A5432474240}.Debug|Any CPU.Build.0 = Debug|Any CPU
		{5C46E06F-5F02-4E16-9A22-2A5432474240}.Release|Any CPU.ActiveCfg = Release|Any CPU
		{5C46E06F-5F02-4E16-9A22-2A5432474240}.Release|Any CPU.Build.0 = Release|Any CPU
		{3B96CFA8-01B5-4839-8EE1-4434643180D9}.Debug|Any CPU.ActiveCfg = Debug|Any CPU
		{3B96CFA8-01B5-4839-8EE1-4434643180D9}.Debug|Any CPU.Build.0 = Debug|Any CPU
		{3B96CFA8-01B5-4839-8EE1-4434643180D9}.Release|Any CPU.ActiveCfg = Release|Any CPU
		{3B96CFA8-01B5-4839-8EE1-4434643180D9}.Release|Any CPU.Build.0 = Release|Any CPU
		{FC445AD3-0833-4593-90A1-602CF741D877}.Debug|Any CPU.ActiveCfg = Debug|Any CPU
		{FC445AD3-0833-4593-90A1-602CF741D877}.Debug|Any CPU.Build.0 = Debug|Any CPU
		{FC445AD3-0833-4593-90A1-602CF741D877}.Release|Any CPU.ActiveCfg = Release|Any CPU
		{FC445AD3-0833-4593-90A1-602CF741D877}.Release|Any CPU.Build.0 = Release|Any CPU
		{0CEDDAD4-BC60-46F5-A7CC-6997FA377C18}.Debug|Any CPU.ActiveCfg = Debug|Any CPU
		{0CEDDAD4-BC60-46F5-A7CC-6997FA377C18}.Debug|Any CPU.Build.0 = Debug|Any CPU
		{0CEDDAD4-BC60-46F5-A7CC-6997FA377C18}.Release|Any CPU.ActiveCfg = Release|Any CPU
		{0CEDDAD4-BC60-46F5-A7CC-6997FA377C18}.Release|Any CPU.Build.0 = Release|Any CPU
		{B94DE0DB-1721-48A9-99F4-F0F3ECD95933}.Debug|Any CPU.ActiveCfg = Debug|Any CPU
		{B94DE0DB-1721-48A9-99F4-F0F3ECD95933}.Debug|Any CPU.Build.0 = Debug|Any CPU
		{B94DE0DB-1721-48A9-99F4-F0F3ECD95933}.Release|Any CPU.ActiveCfg = Release|Any CPU
		{B94DE0DB-1721-48A9-99F4-F0F3ECD95933}.Release|Any CPU.Build.0 = Release|Any CPU
		{5C2DF853-E84D-4C71-9386-9BBBC5EDAC2A}.Debug|Any CPU.ActiveCfg = Debug|Any CPU
		{5C2DF853-E84D-4C71-9386-9BBBC5EDAC2A}.Debug|Any CPU.Build.0 = Debug|Any CPU
		{5C2DF853-E84D-4C71-9386-9BBBC5EDAC2A}.Release|Any CPU.ActiveCfg = Release|Any CPU
		{5C2DF853-E84D-4C71-9386-9BBBC5EDAC2A}.Release|Any CPU.Build.0 = Release|Any CPU
		{FB9304BB-67F0-433B-98CF-052CDC84C561}.Debug|Any CPU.ActiveCfg = Debug|Any CPU
		{FB9304BB-67F0-433B-98CF-052CDC84C561}.Debug|Any CPU.Build.0 = Debug|Any CPU
		{FB9304BB-67F0-433B-98CF-052CDC84C561}.Release|Any CPU.ActiveCfg = Release|Any CPU
		{FB9304BB-67F0-433B-98CF-052CDC84C561}.Release|Any CPU.Build.0 = Release|Any CPU
		{0CAA5E0F-2669-4D55-9B0B-38885F8B01B8}.Debug|Any CPU.ActiveCfg = Debug|Any CPU
		{0CAA5E0F-2669-4D55-9B0B-38885F8B01B8}.Debug|Any CPU.Build.0 = Debug|Any CPU
		{0CAA5E0F-2669-4D55-9B0B-38885F8B01B8}.Release|Any CPU.ActiveCfg = Release|Any CPU
		{0CAA5E0F-2669-4D55-9B0B-38885F8B01B8}.Release|Any CPU.Build.0 = Release|Any CPU
		{32A786D7-D9FB-42A4-898E-94F04536CD55}.Debug|Any CPU.ActiveCfg = Debug|Any CPU
		{32A786D7-D9FB-42A4-898E-94F04536CD55}.Debug|Any CPU.Build.0 = Debug|Any CPU
		{32A786D7-D9FB-42A4-898E-94F04536CD55}.Release|Any CPU.ActiveCfg = Release|Any CPU
		{32A786D7-D9FB-42A4-898E-94F04536CD55}.Release|Any CPU.Build.0 = Release|Any CPU
		{C539BBB4-6E85-4882-9255-7C718ECC1344}.Debug|Any CPU.ActiveCfg = Debug|Any CPU
		{C539BBB4-6E85-4882-9255-7C718ECC1344}.Debug|Any CPU.Build.0 = Debug|Any CPU
		{C539BBB4-6E85-4882-9255-7C718ECC1344}.Release|Any CPU.ActiveCfg = Release|Any CPU
		{C539BBB4-6E85-4882-9255-7C718ECC1344}.Release|Any CPU.Build.0 = Release|Any CPU
		{B12D9361-240B-4D12-854F-F8CDCD2A1606}.Debug|Any CPU.ActiveCfg = Debug|Any CPU
		{B12D9361-240B-4D12-854F-F8CDCD2A1606}.Debug|Any CPU.Build.0 = Debug|Any CPU
		{B12D9361-240B-4D12-854F-F8CDCD2A1606}.Release|Any CPU.ActiveCfg = Release|Any CPU
		{B12D9361-240B-4D12-854F-F8CDCD2A1606}.Release|Any CPU.Build.0 = Release|Any CPU
		{68F53531-AF1A-4853-A2C3-94C09557EF01}.Debug|Any CPU.ActiveCfg = Debug|Any CPU
		{68F53531-AF1A-4853-A2C3-94C09557EF01}.Debug|Any CPU.Build.0 = Debug|Any CPU
		{68F53531-AF1A-4853-A2C3-94C09557EF01}.Release|Any CPU.ActiveCfg = Release|Any CPU
		{68F53531-AF1A-4853-A2C3-94C09557EF01}.Release|Any CPU.Build.0 = Release|Any CPU
		{4476F210-397C-4671-9286-E9800D261367}.Debug|Any CPU.ActiveCfg = Debug|Any CPU
		{4476F210-397C-4671-9286-E9800D261367}.Debug|Any CPU.Build.0 = Debug|Any CPU
		{4476F210-397C-4671-9286-E9800D261367}.Release|Any CPU.ActiveCfg = Release|Any CPU
		{4476F210-397C-4671-9286-E9800D261367}.Release|Any CPU.Build.0 = Release|Any CPU
		{BB34A85E-34EF-4902-8FE1-5C028EB34957}.Debug|Any CPU.ActiveCfg = Debug|Any CPU
		{BB34A85E-34EF-4902-8FE1-5C028EB34957}.Debug|Any CPU.Build.0 = Debug|Any CPU
		{BB34A85E-34EF-4902-8FE1-5C028EB34957}.Release|Any CPU.ActiveCfg = Release|Any CPU
		{BB34A85E-34EF-4902-8FE1-5C028EB34957}.Release|Any CPU.Build.0 = Release|Any CPU
		{F1558F84-7B07-4597-A2B5-BD0585153CB9}.Debug|Any CPU.ActiveCfg = Debug|Any CPU
		{F1558F84-7B07-4597-A2B5-BD0585153CB9}.Debug|Any CPU.Build.0 = Debug|Any CPU
		{F1558F84-7B07-4597-A2B5-BD0585153CB9}.Release|Any CPU.ActiveCfg = Release|Any CPU
		{F1558F84-7B07-4597-A2B5-BD0585153CB9}.Release|Any CPU.Build.0 = Release|Any CPU
		{9FAABA50-B487-4F4D-B9CF-CA4E89B625FF}.Debug|Any CPU.ActiveCfg = Debug|Any CPU
		{9FAABA50-B487-4F4D-B9CF-CA4E89B625FF}.Debug|Any CPU.Build.0 = Debug|Any CPU
		{9FAABA50-B487-4F4D-B9CF-CA4E89B625FF}.Release|Any CPU.ActiveCfg = Release|Any CPU
		{9FAABA50-B487-4F4D-B9CF-CA4E89B625FF}.Release|Any CPU.Build.0 = Release|Any CPU
		{1076D54B-5673-4D3E-8B84-463FCFA0B740}.Debug|Any CPU.ActiveCfg = Debug|Any CPU
		{1076D54B-5673-4D3E-8B84-463FCFA0B740}.Debug|Any CPU.Build.0 = Debug|Any CPU
		{1076D54B-5673-4D3E-8B84-463FCFA0B740}.Release|Any CPU.ActiveCfg = Release|Any CPU
		{1076D54B-5673-4D3E-8B84-463FCFA0B740}.Release|Any CPU.Build.0 = Release|Any CPU
		{7660FD98-646E-4802-878E-AD6ACC7CE37E}.Debug|Any CPU.ActiveCfg = Debug|Any CPU
		{7660FD98-646E-4802-878E-AD6ACC7CE37E}.Debug|Any CPU.Build.0 = Debug|Any CPU
		{7660FD98-646E-4802-878E-AD6ACC7CE37E}.Release|Any CPU.ActiveCfg = Release|Any CPU
		{7660FD98-646E-4802-878E-AD6ACC7CE37E}.Release|Any CPU.Build.0 = Release|Any CPU
		{DD82A690-A117-486B-B3CD-CDC5E4EBF97D}.Debug|Any CPU.ActiveCfg = Debug|Any CPU
		{DD82A690-A117-486B-B3CD-CDC5E4EBF97D}.Debug|Any CPU.Build.0 = Debug|Any CPU
		{DD82A690-A117-486B-B3CD-CDC5E4EBF97D}.Release|Any CPU.ActiveCfg = Release|Any CPU
		{DD82A690-A117-486B-B3CD-CDC5E4EBF97D}.Release|Any CPU.Build.0 = Release|Any CPU
		{6571514A-E1E4-4ADD-9E1E-A63C411B6EDA}.Debug|Any CPU.ActiveCfg = Debug|Any CPU
		{6571514A-E1E4-4ADD-9E1E-A63C411B6EDA}.Debug|Any CPU.Build.0 = Debug|Any CPU
		{6571514A-E1E4-4ADD-9E1E-A63C411B6EDA}.Release|Any CPU.ActiveCfg = Release|Any CPU
		{6571514A-E1E4-4ADD-9E1E-A63C411B6EDA}.Release|Any CPU.Build.0 = Release|Any CPU
		{A89A3A8B-F367-40C3-B324-83AD43D5D1D3}.Debug|Any CPU.ActiveCfg = Debug|Any CPU
		{A89A3A8B-F367-40C3-B324-83AD43D5D1D3}.Debug|Any CPU.Build.0 = Debug|Any CPU
		{A89A3A8B-F367-40C3-B324-83AD43D5D1D3}.Release|Any CPU.ActiveCfg = Release|Any CPU
		{A89A3A8B-F367-40C3-B324-83AD43D5D1D3}.Release|Any CPU.Build.0 = Release|Any CPU
		{01676EF4-124B-45D6-A19C-16A79A233636}.Debug|Any CPU.ActiveCfg = Debug|Any CPU
		{01676EF4-124B-45D6-A19C-16A79A233636}.Debug|Any CPU.Build.0 = Debug|Any CPU
		{01676EF4-124B-45D6-A19C-16A79A233636}.Release|Any CPU.ActiveCfg = Release|Any CPU
		{01676EF4-124B-45D6-A19C-16A79A233636}.Release|Any CPU.Build.0 = Release|Any CPU
		{2E1162E4-FA65-487D-AFA9-59B666DEBBB1}.Debug|Any CPU.ActiveCfg = Debug|Any CPU
		{2E1162E4-FA65-487D-AFA9-59B666DEBBB1}.Debug|Any CPU.Build.0 = Debug|Any CPU
		{2E1162E4-FA65-487D-AFA9-59B666DEBBB1}.Release|Any CPU.ActiveCfg = Release|Any CPU
		{2E1162E4-FA65-487D-AFA9-59B666DEBBB1}.Release|Any CPU.Build.0 = Release|Any CPU
		{0C1895B4-36EA-4402-8D59-9823411321FC}.Debug|Any CPU.ActiveCfg = Debug|Any CPU
		{0C1895B4-36EA-4402-8D59-9823411321FC}.Debug|Any CPU.Build.0 = Debug|Any CPU
		{0C1895B4-36EA-4402-8D59-9823411321FC}.Release|Any CPU.ActiveCfg = Release|Any CPU
		{0C1895B4-36EA-4402-8D59-9823411321FC}.Release|Any CPU.Build.0 = Release|Any CPU
		{4B71D9E8-A87E-4D10-99C3-BE001D6776E4}.Debug|Any CPU.ActiveCfg = Debug|Any CPU
		{4B71D9E8-A87E-4D10-99C3-BE001D6776E4}.Debug|Any CPU.Build.0 = Debug|Any CPU
		{4B71D9E8-A87E-4D10-99C3-BE001D6776E4}.Release|Any CPU.ActiveCfg = Release|Any CPU
		{4B71D9E8-A87E-4D10-99C3-BE001D6776E4}.Release|Any CPU.Build.0 = Release|Any CPU
		{D7A45BAE-D59E-4015-9126-3DB48AD52239}.Debug|Any CPU.ActiveCfg = Debug|Any CPU
		{D7A45BAE-D59E-4015-9126-3DB48AD52239}.Debug|Any CPU.Build.0 = Debug|Any CPU
		{D7A45BAE-D59E-4015-9126-3DB48AD52239}.Release|Any CPU.ActiveCfg = Release|Any CPU
		{D7A45BAE-D59E-4015-9126-3DB48AD52239}.Release|Any CPU.Build.0 = Release|Any CPU
		{6FB30911-24AE-4ECE-8F04-EAB26E88FFC9}.Debug|Any CPU.ActiveCfg = Debug|Any CPU
		{6FB30911-24AE-4ECE-8F04-EAB26E88FFC9}.Debug|Any CPU.Build.0 = Debug|Any CPU
		{6FB30911-24AE-4ECE-8F04-EAB26E88FFC9}.Release|Any CPU.ActiveCfg = Release|Any CPU
		{6FB30911-24AE-4ECE-8F04-EAB26E88FFC9}.Release|Any CPU.Build.0 = Release|Any CPU
		{4708F0B7-0577-4377-A3FA-DC6D310D1CFB}.Debug|Any CPU.ActiveCfg = Debug|Any CPU
		{4708F0B7-0577-4377-A3FA-DC6D310D1CFB}.Debug|Any CPU.Build.0 = Debug|Any CPU
		{4708F0B7-0577-4377-A3FA-DC6D310D1CFB}.Release|Any CPU.ActiveCfg = Release|Any CPU
		{4708F0B7-0577-4377-A3FA-DC6D310D1CFB}.Release|Any CPU.Build.0 = Release|Any CPU
		{1E8F522D-2D18-4F1A-A119-058A8C0CC03C}.Debug|Any CPU.ActiveCfg = Debug|Any CPU
		{1E8F522D-2D18-4F1A-A119-058A8C0CC03C}.Debug|Any CPU.Build.0 = Debug|Any CPU
		{1E8F522D-2D18-4F1A-A119-058A8C0CC03C}.Release|Any CPU.ActiveCfg = Release|Any CPU
		{1E8F522D-2D18-4F1A-A119-058A8C0CC03C}.Release|Any CPU.Build.0 = Release|Any CPU
		{AFCBDD5E-77EC-4570-ADE0-57BAEC8C4729}.Debug|Any CPU.ActiveCfg = Debug|Any CPU
		{AFCBDD5E-77EC-4570-ADE0-57BAEC8C4729}.Debug|Any CPU.Build.0 = Debug|Any CPU
		{AFCBDD5E-77EC-4570-ADE0-57BAEC8C4729}.Release|Any CPU.ActiveCfg = Release|Any CPU
		{AFCBDD5E-77EC-4570-ADE0-57BAEC8C4729}.Release|Any CPU.Build.0 = Release|Any CPU
		{015EE871-B5F4-488C-A892-6C761CC3F5E7}.Debug|Any CPU.ActiveCfg = Debug|Any CPU
		{015EE871-B5F4-488C-A892-6C761CC3F5E7}.Debug|Any CPU.Build.0 = Debug|Any CPU
		{015EE871-B5F4-488C-A892-6C761CC3F5E7}.Release|Any CPU.ActiveCfg = Release|Any CPU
		{015EE871-B5F4-488C-A892-6C761CC3F5E7}.Release|Any CPU.Build.0 = Release|Any CPU
		{9C6C46C1-6549-4C66-9EAC-596CCE57BE31}.Debug|Any CPU.ActiveCfg = Debug|Any CPU
		{9C6C46C1-6549-4C66-9EAC-596CCE57BE31}.Debug|Any CPU.Build.0 = Debug|Any CPU
		{9C6C46C1-6549-4C66-9EAC-596CCE57BE31}.Release|Any CPU.ActiveCfg = Release|Any CPU
		{9C6C46C1-6549-4C66-9EAC-596CCE57BE31}.Release|Any CPU.Build.0 = Release|Any CPU
		{4DF1C004-51EF-43FB-82D7-847537D5ED8F}.Debug|Any CPU.ActiveCfg = Debug|Any CPU
		{4DF1C004-51EF-43FB-82D7-847537D5ED8F}.Debug|Any CPU.Build.0 = Debug|Any CPU
		{4DF1C004-51EF-43FB-82D7-847537D5ED8F}.Release|Any CPU.ActiveCfg = Release|Any CPU
		{4DF1C004-51EF-43FB-82D7-847537D5ED8F}.Release|Any CPU.Build.0 = Release|Any CPU
		{CA8D563B-FF06-41EB-AA78-B52FC6E24079}.Debug|Any CPU.ActiveCfg = Debug|Any CPU
		{CA8D563B-FF06-41EB-AA78-B52FC6E24079}.Debug|Any CPU.Build.0 = Debug|Any CPU
		{CA8D563B-FF06-41EB-AA78-B52FC6E24079}.Release|Any CPU.ActiveCfg = Release|Any CPU
		{CA8D563B-FF06-41EB-AA78-B52FC6E24079}.Release|Any CPU.Build.0 = Release|Any CPU
		{07485C20-CA10-4769-9C12-2C48B99B8E36}.Debug|Any CPU.ActiveCfg = Debug|Any CPU
		{07485C20-CA10-4769-9C12-2C48B99B8E36}.Debug|Any CPU.Build.0 = Debug|Any CPU
		{07485C20-CA10-4769-9C12-2C48B99B8E36}.Release|Any CPU.ActiveCfg = Release|Any CPU
		{07485C20-CA10-4769-9C12-2C48B99B8E36}.Release|Any CPU.Build.0 = Release|Any CPU
	EndGlobalSection
	GlobalSection(SolutionProperties) = preSolution
		HideSolutionNode = FALSE
	EndGlobalSection
	GlobalSection(ExtensibilityGlobals) = postSolution
		SolutionGuid = {621639BD-10A1-4BC7-B78B-E56357A7A52C}
	EndGlobalSection
EndGlobal
