
Microsoft Visual Studio Solution File, Format Version 12.00
# Visual Studio Version 17
VisualStudioVersion = 17.5.002.0
MinimumVisualStudioVersion = 10.0.40219.1
Project("{9A19103F-16F7-4668-BE54-9A1E7A4F7556}") = "task00", "task00\task00.csproj", "{56E8EE4A-91CB-4351-B0C2-0E77A2F27C51}"
EndProject
Project("{9A19103F-16F7-4668-BE54-9A1E7A4F7556}") = "task01", "task01\task01.csproj", "{B55F535E-52E7-414F-ABF5-E4BE74F45104}"
EndProject
Project("{9A19103F-16F7-4668-BE54-9A1E7A4F7556}") = "task01_auto", "task01_auto\task01_auto.csproj", "{DD441A15-40F0-48D3-BC26-0E8329D55449}"
EndProject
Project("{9A19103F-16F7-4668-BE54-9A1E7A4F7556}") = "task03_autotest", "task02_auto\task03_autotest.csproj", "{B09E18BB-4566-4128-8341-FEE945B86430}"
EndProject
Project("{9A19103F-16F7-4668-BE54-9A1E7A4F7556}") = "task2_hw", "task02_hw\task2_hw.csproj", "{E2E3D956-B68D-4328-9D96-8B2919741B80}"
EndProject
Project("{9A19103F-16F7-4668-BE54-9A1E7A4F7556}") = "task03", "task03\task03.csproj", "{503D6EB2-612D-4C66-B3AD-934F8BED21CA}"
EndProject
Project("{9A19103F-16F7-4668-BE54-9A1E7A4F7556}") = "task04_hw", "task04_hw\task04_hw.csproj", "{9C26CD4A-8229-4737-8F81-2A0C816874AD}"
EndProject
Project("{9A19103F-16F7-4668-BE54-9A1E7A4F7556}") = "task05", "task05\task05.csproj", "{C0666A0B-DF5C-4CC5-B0CF-D94813B4222C}"
EndProject
Project("{9A19103F-16F7-4668-BE54-9A1E7A4F7556}") = "task06_hw", "task06_hw\task06_hw.csproj", "{EF8B9209-F34E-4B0D-A196-2D5AB94F0CFC}"
EndProject
Project("{9A19103F-16F7-4668-BE54-9A1E7A4F7556}") = "task07", "task07\task07.csproj", "{0FF21C20-46DB-4E35-9832-83675BFB0F35}"
EndProject
Project("{9A19103F-16F7-4668-BE54-9A1E7A4F7556}") = "task08_hw", "task08_hw\task08_hw.csproj", "{50DBB01E-3CF9-4239-8123-BBC5DD7A36BB}"
EndProject
Project("{9A19103F-16F7-4668-BE54-9A1E7A4F7556}") = "task09", "task09\task09.csproj", "{72743763-7AAE-4F0E-9088-D5F85E40DE7A}"
EndProject
Project("{9A19103F-16F7-4668-BE54-9A1E7A4F7556}") = "task10_hw", "task10_hw\task10_hw.csproj", "{21CDDA5F-1091-4F60-A863-B958DC3E2103}"
EndProject
Project("{9A19103F-16F7-4668-BE54-9A1E7A4F7556}") = "task11", "task11\task11.csproj", "{56EF5661-CD3B-4ACB-903B-1810632E7813}"
EndProject
Project("{9A19103F-16F7-4668-BE54-9A1E7A4F7556}") = "task12", "task12\task12.csproj", "{7C4607CA-5AC9-476D-8792-D395FF365011}"
EndProject
Project("{9A19103F-16F7-4668-BE54-9A1E7A4F7556}") = "task13_hw", "task13_hw\task13_hw.csproj", "{B990A3C0-7B4B-4D7D-AD67-1F92D7742987}"
EndProject
Project("{9A19103F-16F7-4668-BE54-9A1E7A4F7556}") = "task14", "task14\task14.csproj", "{21CFF700-FB18-490E-98B3-D8BE404FBCD3}"
EndProject
Project("{9A19103F-16F7-4668-BE54-9A1E7A4F7556}") = "task15_hw", "task15_hw\task15_hw.csproj", "{D3927844-C117-447A-8F6A-C17616835751}"
EndProject
Project("{9A19103F-16F7-4668-BE54-9A1E7A4F7556}") = "task16", "task16\task16.csproj", "{3F6AE980-F3A6-4C4D-A7FA-601183C3FE27}"
EndProject
Project("{9A19103F-16F7-4668-BE54-9A1E7A4F7556}") = "task17", "task17\task17.csproj", "{F89D4954-22F1-412D-AAD6-CBFE219DADBE}"
EndProject
Project("{9A19103F-16F7-4668-BE54-9A1E7A4F7556}") = "task18", "task18\task18.csproj", "{1DD0484D-6079-419D-8635-EBE464BEADFF}"
EndProject
Project("{9A19103F-16F7-4668-BE54-9A1E7A4F7556}") = "task20", "task20\task20.csproj", "{E6605CA3-6209-4DF9-9FC2-E24C46CDCC7A}"
EndProject
Project("{9A19103F-16F7-4668-BE54-9A1E7A4F7556}") = "task22", "task22\task22.csproj", "{16CA8A5B-7594-4280-B0A1-0BAC664DC588}"
EndProject
Project("{9A19103F-16F7-4668-BE54-9A1E7A4F7556}") = "task24", "task24\task24.csproj", "{37DFC728-999C-4282-80F0-F3DA54ED015D}"
EndProject
Project("{9A19103F-16F7-4668-BE54-9A1E7A4F7556}") = "task25_hw", "task25_hw\task25_hw.csproj", "{77D53784-3C74-4A86-861D-7D2E0E2C9C2E}"
EndProject
Project("{9A19103F-16F7-4668-BE54-9A1E7A4F7556}") = "task26", "task26\task26.csproj", "{D865BD4D-B1AC-47E8-8639-A5BC9CC3E1AC}"
EndProject
Project("{9A19103F-16F7-4668-BE54-9A1E7A4F7556}") = "task27_hw", "task27_hw\task27_hw.csproj", "{5342ECEF-3CD3-4F15-B399-4E46E3F50BCA}"
EndProject
Project("{9A19103F-16F7-4668-BE54-9A1E7A4F7556}") = "task28", "task28\task28.csproj", "{59041938-2C4D-4080-8F3B-3097A5C0A46E}"
EndProject
Project("{9A19103F-16F7-4668-BE54-9A1E7A4F7556}") = "task29_hw", "task29_hw\task29_hw.csproj", "{8F77003C-2A18-47E9-9234-A943CE36F041}"
EndProject
Project("{9A19103F-16F7-4668-BE54-9A1E7A4F7556}") = "task30", "task30\task30.csproj", "{470FC131-1E17-401E-8321-F82A0B9A02EC}"
EndProject
Project("{9A19103F-16F7-4668-BE54-9A1E7A4F7556}") = "task31", "task31\task31.csproj", "{D1A0643B-9C7D-4ADA-9B3F-FC9D25F33EBD}"
EndProject
Project("{9A19103F-16F7-4668-BE54-9A1E7A4F7556}") = "task32", "task32\task32.csproj", "{28765CAD-F98A-4061-A26D-F40EE882BD6B}"
EndProject
Project("{9A19103F-16F7-4668-BE54-9A1E7A4F7556}") = "task33", "task33\task33.csproj", "{E4F709F2-7457-4121-BD0B-A7F1A6E266E6}"
EndProject
Project("{9A19103F-16F7-4668-BE54-9A1E7A4F7556}") = "task34_hw", "task34_hw\task34_hw.csproj", "{E2867852-C438-4605-9BE8-796BB2C5FF9F}"
EndProject
Project("{9A19103F-16F7-4668-BE54-9A1E7A4F7556}") = "task35", "task35\task35.csproj", "{DE345D63-7B44-4100-903D-2801C7A2DFA1}"
EndProject
Project("{9A19103F-16F7-4668-BE54-9A1E7A4F7556}") = "task36_hw", "task36_hw\task36_hw.csproj", "{694457A1-2FA1-4263-8BD1-107BFBD291BB}"
EndProject
Project("{9A19103F-16F7-4668-BE54-9A1E7A4F7556}") = "task38_hw", "task38_hw\task38_hw.csproj", "{01965705-AC74-48AB-AA42-149AF91832E4}"
EndProject
Project("{9A19103F-16F7-4668-BE54-9A1E7A4F7556}") = "task39", "task39\task39.csproj", "{5522FEBE-28ED-4EFD-8663-AC45B32DFC82}"
EndProject
Project("{9A19103F-16F7-4668-BE54-9A1E7A4F7556}") = "task3_auto", "task3_auto\task3_auto.csproj", "{9D99FAF2-C107-4765-B9AB-EE0D0E8BDCE7}"
EndProject
Project("{9A19103F-16F7-4668-BE54-9A1E7A4F7556}") = "task40", "task40\task40.csproj", "{EC66C8FC-3DFF-4ECD-B4FD-432752F8E947}"
EndProject
Project("{9A19103F-16F7-4668-BE54-9A1E7A4F7556}") = "task41_hw", "task41_hw\task41_hw.csproj", "{CDE58C0D-E505-48F1-B02E-D2D4DC8B6ABD}"
EndProject
Project("{9A19103F-16F7-4668-BE54-9A1E7A4F7556}") = "task42", "task42\task42.csproj", "{4092A996-30D9-4B95-A855-13867F27F55D}"
EndProject
Project("{9A19103F-16F7-4668-BE54-9A1E7A4F7556}") = "task43_hw", "task43_hw\task43_hw.csproj", "{46CC14DA-5A21-4562-956A-E7074AEE562D}"
EndProject
Project("{9A19103F-16F7-4668-BE54-9A1E7A4F7556}") = "task44", "task44\task44.csproj", "{B97EC143-0530-469A-8FEF-BFC7478F2C69}"
EndProject
Project("{9A19103F-16F7-4668-BE54-9A1E7A4F7556}") = "task45", "task45\task45.csproj", "{FDA1044C-CC02-4C15-920A-84A75F59AD1B}"
EndProject
Project("{9A19103F-16F7-4668-BE54-9A1E7A4F7556}") = "task46", "task46\task46.csproj", "{9B1A2CC3-D383-45BB-8220-CB171A6E654B}"
EndProject
Project("{9A19103F-16F7-4668-BE54-9A1E7A4F7556}") = "task48", "task48\task48.csproj", "{F519ED3B-99E2-4199-BA30-70798ED45A8E}"
EndProject
Project("{9A19103F-16F7-4668-BE54-9A1E7A4F7556}") = "task49", "task49\task49.csproj", "{6B2AE665-C6DF-4CAF-9278-2A224146DBA3}"
EndProject
Project("{9A19103F-16F7-4668-BE54-9A1E7A4F7556}") = "task51", "task51\task51.csproj", "{787D2537-CC38-4227-9987-4746850593EC}"
EndProject
Project("{9A19103F-16F7-4668-BE54-9A1E7A4F7556}") = "task53", "task53\task53.csproj", "{6EC20275-A02C-48DA-BF53-0C1862047703}"
EndProject
Project("{9A19103F-16F7-4668-BE54-9A1E7A4F7556}") = "task55", "task55\task55.csproj", "{FB203D6B-A74D-49E9-AC39-BE5B6C4B6172}"
EndProject
Project("{9A19103F-16F7-4668-BE54-9A1E7A4F7556}") = "task57", "task57\task57.csproj", "{B89FE916-A136-4049-903F-3EE35CF049DD}"
EndProject
Project("{9A19103F-16F7-4668-BE54-9A1E7A4F7556}") = "task60", "task60\task60.csproj", "{910C2662-E18B-44D8-97C2-83B45CBA4ED4}"
EndProject
Global
	GlobalSection(SolutionConfigurationPlatforms) = preSolution
		Debug|Any CPU = Debug|Any CPU
		Release|Any CPU = Release|Any CPU
	EndGlobalSection
	GlobalSection(ProjectConfigurationPlatforms) = postSolution
		{56E8EE4A-91CB-4351-B0C2-0E77A2F27C51}.Debug|Any CPU.ActiveCfg = Debug|Any CPU
		{56E8EE4A-91CB-4351-B0C2-0E77A2F27C51}.Debug|Any CPU.Build.0 = Debug|Any CPU
		{56E8EE4A-91CB-4351-B0C2-0E77A2F27C51}.Release|Any CPU.ActiveCfg = Release|Any CPU
		{56E8EE4A-91CB-4351-B0C2-0E77A2F27C51}.Release|Any CPU.Build.0 = Release|Any CPU
		{B55F535E-52E7-414F-ABF5-E4BE74F45104}.Debug|Any CPU.ActiveCfg = Debug|Any CPU
		{B55F535E-52E7-414F-ABF5-E4BE74F45104}.Debug|Any CPU.Build.0 = Debug|Any CPU
		{B55F535E-52E7-414F-ABF5-E4BE74F45104}.Release|Any CPU.ActiveCfg = Release|Any CPU
		{B55F535E-52E7-414F-ABF5-E4BE74F45104}.Release|Any CPU.Build.0 = Release|Any CPU
		{DD441A15-40F0-48D3-BC26-0E8329D55449}.Debug|Any CPU.ActiveCfg = Debug|Any CPU
		{DD441A15-40F0-48D3-BC26-0E8329D55449}.Debug|Any CPU.Build.0 = Debug|Any CPU
		{DD441A15-40F0-48D3-BC26-0E8329D55449}.Release|Any CPU.ActiveCfg = Release|Any CPU
		{DD441A15-40F0-48D3-BC26-0E8329D55449}.Release|Any CPU.Build.0 = Release|Any CPU
		{B09E18BB-4566-4128-8341-FEE945B86430}.Debug|Any CPU.ActiveCfg = Debug|Any CPU
		{B09E18BB-4566-4128-8341-FEE945B86430}.Debug|Any CPU.Build.0 = Debug|Any CPU
		{B09E18BB-4566-4128-8341-FEE945B86430}.Release|Any CPU.ActiveCfg = Release|Any CPU
		{B09E18BB-4566-4128-8341-FEE945B86430}.Release|Any CPU.Build.0 = Release|Any CPU
		{E2E3D956-B68D-4328-9D96-8B2919741B80}.Debug|Any CPU.ActiveCfg = Debug|Any CPU
		{E2E3D956-B68D-4328-9D96-8B2919741B80}.Debug|Any CPU.Build.0 = Debug|Any CPU
		{E2E3D956-B68D-4328-9D96-8B2919741B80}.Release|Any CPU.ActiveCfg = Release|Any CPU
		{E2E3D956-B68D-4328-9D96-8B2919741B80}.Release|Any CPU.Build.0 = Release|Any CPU
		{503D6EB2-612D-4C66-B3AD-934F8BED21CA}.Debug|Any CPU.ActiveCfg = Debug|Any CPU
		{503D6EB2-612D-4C66-B3AD-934F8BED21CA}.Debug|Any CPU.Build.0 = Debug|Any CPU
		{503D6EB2-612D-4C66-B3AD-934F8BED21CA}.Release|Any CPU.ActiveCfg = Release|Any CPU
		{503D6EB2-612D-4C66-B3AD-934F8BED21CA}.Release|Any CPU.Build.0 = Release|Any CPU
		{9C26CD4A-8229-4737-8F81-2A0C816874AD}.Debug|Any CPU.ActiveCfg = Debug|Any CPU
		{9C26CD4A-8229-4737-8F81-2A0C816874AD}.Debug|Any CPU.Build.0 = Debug|Any CPU
		{9C26CD4A-8229-4737-8F81-2A0C816874AD}.Release|Any CPU.ActiveCfg = Release|Any CPU
		{9C26CD4A-8229-4737-8F81-2A0C816874AD}.Release|Any CPU.Build.0 = Release|Any CPU
		{C0666A0B-DF5C-4CC5-B0CF-D94813B4222C}.Debug|Any CPU.ActiveCfg = Debug|Any CPU
		{C0666A0B-DF5C-4CC5-B0CF-D94813B4222C}.Debug|Any CPU.Build.0 = Debug|Any CPU
		{C0666A0B-DF5C-4CC5-B0CF-D94813B4222C}.Release|Any CPU.ActiveCfg = Release|Any CPU
		{C0666A0B-DF5C-4CC5-B0CF-D94813B4222C}.Release|Any CPU.Build.0 = Release|Any CPU
		{EF8B9209-F34E-4B0D-A196-2D5AB94F0CFC}.Debug|Any CPU.ActiveCfg = Debug|Any CPU
		{EF8B9209-F34E-4B0D-A196-2D5AB94F0CFC}.Debug|Any CPU.Build.0 = Debug|Any CPU
		{EF8B9209-F34E-4B0D-A196-2D5AB94F0CFC}.Release|Any CPU.ActiveCfg = Release|Any CPU
		{EF8B9209-F34E-4B0D-A196-2D5AB94F0CFC}.Release|Any CPU.Build.0 = Release|Any CPU
		{0FF21C20-46DB-4E35-9832-83675BFB0F35}.Debug|Any CPU.ActiveCfg = Debug|Any CPU
		{0FF21C20-46DB-4E35-9832-83675BFB0F35}.Debug|Any CPU.Build.0 = Debug|Any CPU
		{0FF21C20-46DB-4E35-9832-83675BFB0F35}.Release|Any CPU.ActiveCfg = Release|Any CPU
		{0FF21C20-46DB-4E35-9832-83675BFB0F35}.Release|Any CPU.Build.0 = Release|Any CPU
		{50DBB01E-3CF9-4239-8123-BBC5DD7A36BB}.Debug|Any CPU.ActiveCfg = Debug|Any CPU
		{50DBB01E-3CF9-4239-8123-BBC5DD7A36BB}.Debug|Any CPU.Build.0 = Debug|Any CPU
		{50DBB01E-3CF9-4239-8123-BBC5DD7A36BB}.Release|Any CPU.ActiveCfg = Release|Any CPU
		{50DBB01E-3CF9-4239-8123-BBC5DD7A36BB}.Release|Any CPU.Build.0 = Release|Any CPU
		{72743763-7AAE-4F0E-9088-D5F85E40DE7A}.Debug|Any CPU.ActiveCfg = Debug|Any CPU
		{72743763-7AAE-4F0E-9088-D5F85E40DE7A}.Debug|Any CPU.Build.0 = Debug|Any CPU
		{72743763-7AAE-4F0E-9088-D5F85E40DE7A}.Release|Any CPU.ActiveCfg = Release|Any CPU
		{72743763-7AAE-4F0E-9088-D5F85E40DE7A}.Release|Any CPU.Build.0 = Release|Any CPU
		{21CDDA5F-1091-4F60-A863-B958DC3E2103}.Debug|Any CPU.ActiveCfg = Debug|Any CPU
		{21CDDA5F-1091-4F60-A863-B958DC3E2103}.Debug|Any CPU.Build.0 = Debug|Any CPU
		{21CDDA5F-1091-4F60-A863-B958DC3E2103}.Release|Any CPU.ActiveCfg = Release|Any CPU
		{21CDDA5F-1091-4F60-A863-B958DC3E2103}.Release|Any CPU.Build.0 = Release|Any CPU
		{56EF5661-CD3B-4ACB-903B-1810632E7813}.Debug|Any CPU.ActiveCfg = Debug|Any CPU
		{56EF5661-CD3B-4ACB-903B-1810632E7813}.Debug|Any CPU.Build.0 = Debug|Any CPU
		{56EF5661-CD3B-4ACB-903B-1810632E7813}.Release|Any CPU.ActiveCfg = Release|Any CPU
		{56EF5661-CD3B-4ACB-903B-1810632E7813}.Release|Any CPU.Build.0 = Release|Any CPU
		{7C4607CA-5AC9-476D-8792-D395FF365011}.Debug|Any CPU.ActiveCfg = Debug|Any CPU
		{7C4607CA-5AC9-476D-8792-D395FF365011}.Debug|Any CPU.Build.0 = Debug|Any CPU
		{7C4607CA-5AC9-476D-8792-D395FF365011}.Release|Any CPU.ActiveCfg = Release|Any CPU
		{7C4607CA-5AC9-476D-8792-D395FF365011}.Release|Any CPU.Build.0 = Release|Any CPU
		{B990A3C0-7B4B-4D7D-AD67-1F92D7742987}.Debug|Any CPU.ActiveCfg = Debug|Any CPU
		{B990A3C0-7B4B-4D7D-AD67-1F92D7742987}.Debug|Any CPU.Build.0 = Debug|Any CPU
		{B990A3C0-7B4B-4D7D-AD67-1F92D7742987}.Release|Any CPU.ActiveCfg = Release|Any CPU
		{B990A3C0-7B4B-4D7D-AD67-1F92D7742987}.Release|Any CPU.Build.0 = Release|Any CPU
		{21CFF700-FB18-490E-98B3-D8BE404FBCD3}.Debug|Any CPU.ActiveCfg = Debug|Any CPU
		{21CFF700-FB18-490E-98B3-D8BE404FBCD3}.Debug|Any CPU.Build.0 = Debug|Any CPU
		{21CFF700-FB18-490E-98B3-D8BE404FBCD3}.Release|Any CPU.ActiveCfg = Release|Any CPU
		{21CFF700-FB18-490E-98B3-D8BE404FBCD3}.Release|Any CPU.Build.0 = Release|Any CPU
		{D3927844-C117-447A-8F6A-C17616835751}.Debug|Any CPU.ActiveCfg = Debug|Any CPU
		{D3927844-C117-447A-8F6A-C17616835751}.Debug|Any CPU.Build.0 = Debug|Any CPU
		{D3927844-C117-447A-8F6A-C17616835751}.Release|Any CPU.ActiveCfg = Release|Any CPU
		{D3927844-C117-447A-8F6A-C17616835751}.Release|Any CPU.Build.0 = Release|Any CPU
		{3F6AE980-F3A6-4C4D-A7FA-601183C3FE27}.Debug|Any CPU.ActiveCfg = Debug|Any CPU
		{3F6AE980-F3A6-4C4D-A7FA-601183C3FE27}.Debug|Any CPU.Build.0 = Debug|Any CPU
		{3F6AE980-F3A6-4C4D-A7FA-601183C3FE27}.Release|Any CPU.ActiveCfg = Release|Any CPU
		{3F6AE980-F3A6-4C4D-A7FA-601183C3FE27}.Release|Any CPU.Build.0 = Release|Any CPU
		{F89D4954-22F1-412D-AAD6-CBFE219DADBE}.Debug|Any CPU.ActiveCfg = Debug|Any CPU
		{F89D4954-22F1-412D-AAD6-CBFE219DADBE}.Debug|Any CPU.Build.0 = Debug|Any CPU
		{F89D4954-22F1-412D-AAD6-CBFE219DADBE}.Release|Any CPU.ActiveCfg = Release|Any CPU
		{F89D4954-22F1-412D-AAD6-CBFE219DADBE}.Release|Any CPU.Build.0 = Release|Any CPU
		{1DD0484D-6079-419D-8635-EBE464BEADFF}.Debug|Any CPU.ActiveCfg = Debug|Any CPU
		{1DD0484D-6079-419D-8635-EBE464BEADFF}.Debug|Any CPU.Build.0 = Debug|Any CPU
		{1DD0484D-6079-419D-8635-EBE464BEADFF}.Release|Any CPU.ActiveCfg = Release|Any CPU
		{1DD0484D-6079-419D-8635-EBE464BEADFF}.Release|Any CPU.Build.0 = Release|Any CPU
		{E6605CA3-6209-4DF9-9FC2-E24C46CDCC7A}.Debug|Any CPU.ActiveCfg = Debug|Any CPU
		{E6605CA3-6209-4DF9-9FC2-E24C46CDCC7A}.Debug|Any CPU.Build.0 = Debug|Any CPU
		{E6605CA3-6209-4DF9-9FC2-E24C46CDCC7A}.Release|Any CPU.ActiveCfg = Release|Any CPU
		{E6605CA3-6209-4DF9-9FC2-E24C46CDCC7A}.Release|Any CPU.Build.0 = Release|Any CPU
		{16CA8A5B-7594-4280-B0A1-0BAC664DC588}.Debug|Any CPU.ActiveCfg = Debug|Any CPU
		{16CA8A5B-7594-4280-B0A1-0BAC664DC588}.Debug|Any CPU.Build.0 = Debug|Any CPU
		{16CA8A5B-7594-4280-B0A1-0BAC664DC588}.Release|Any CPU.ActiveCfg = Release|Any CPU
		{16CA8A5B-7594-4280-B0A1-0BAC664DC588}.Release|Any CPU.Build.0 = Release|Any CPU
		{37DFC728-999C-4282-80F0-F3DA54ED015D}.Debug|Any CPU.ActiveCfg = Debug|Any CPU
		{37DFC728-999C-4282-80F0-F3DA54ED015D}.Debug|Any CPU.Build.0 = Debug|Any CPU
		{37DFC728-999C-4282-80F0-F3DA54ED015D}.Release|Any CPU.ActiveCfg = Release|Any CPU
		{37DFC728-999C-4282-80F0-F3DA54ED015D}.Release|Any CPU.Build.0 = Release|Any CPU
		{77D53784-3C74-4A86-861D-7D2E0E2C9C2E}.Debug|Any CPU.ActiveCfg = Debug|Any CPU
		{77D53784-3C74-4A86-861D-7D2E0E2C9C2E}.Debug|Any CPU.Build.0 = Debug|Any CPU
		{77D53784-3C74-4A86-861D-7D2E0E2C9C2E}.Release|Any CPU.ActiveCfg = Release|Any CPU
		{77D53784-3C74-4A86-861D-7D2E0E2C9C2E}.Release|Any CPU.Build.0 = Release|Any CPU
		{D865BD4D-B1AC-47E8-8639-A5BC9CC3E1AC}.Debug|Any CPU.ActiveCfg = Debug|Any CPU
		{D865BD4D-B1AC-47E8-8639-A5BC9CC3E1AC}.Debug|Any CPU.Build.0 = Debug|Any CPU
		{D865BD4D-B1AC-47E8-8639-A5BC9CC3E1AC}.Release|Any CPU.ActiveCfg = Release|Any CPU
		{D865BD4D-B1AC-47E8-8639-A5BC9CC3E1AC}.Release|Any CPU.Build.0 = Release|Any CPU
		{5342ECEF-3CD3-4F15-B399-4E46E3F50BCA}.Debug|Any CPU.ActiveCfg = Debug|Any CPU
		{5342ECEF-3CD3-4F15-B399-4E46E3F50BCA}.Debug|Any CPU.Build.0 = Debug|Any CPU
		{5342ECEF-3CD3-4F15-B399-4E46E3F50BCA}.Release|Any CPU.ActiveCfg = Release|Any CPU
		{5342ECEF-3CD3-4F15-B399-4E46E3F50BCA}.Release|Any CPU.Build.0 = Release|Any CPU
		{59041938-2C4D-4080-8F3B-3097A5C0A46E}.Debug|Any CPU.ActiveCfg = Debug|Any CPU
		{59041938-2C4D-4080-8F3B-3097A5C0A46E}.Debug|Any CPU.Build.0 = Debug|Any CPU
		{59041938-2C4D-4080-8F3B-3097A5C0A46E}.Release|Any CPU.ActiveCfg = Release|Any CPU
		{59041938-2C4D-4080-8F3B-3097A5C0A46E}.Release|Any CPU.Build.0 = Release|Any CPU
		{8F77003C-2A18-47E9-9234-A943CE36F041}.Debug|Any CPU.ActiveCfg = Debug|Any CPU
		{8F77003C-2A18-47E9-9234-A943CE36F041}.Debug|Any CPU.Build.0 = Debug|Any CPU
		{8F77003C-2A18-47E9-9234-A943CE36F041}.Release|Any CPU.ActiveCfg = Release|Any CPU
		{8F77003C-2A18-47E9-9234-A943CE36F041}.Release|Any CPU.Build.0 = Release|Any CPU
		{470FC131-1E17-401E-8321-F82A0B9A02EC}.Debug|Any CPU.ActiveCfg = Debug|Any CPU
		{470FC131-1E17-401E-8321-F82A0B9A02EC}.Debug|Any CPU.Build.0 = Debug|Any CPU
		{470FC131-1E17-401E-8321-F82A0B9A02EC}.Release|Any CPU.ActiveCfg = Release|Any CPU
		{470FC131-1E17-401E-8321-F82A0B9A02EC}.Release|Any CPU.Build.0 = Release|Any CPU
		{D1A0643B-9C7D-4ADA-9B3F-FC9D25F33EBD}.Debug|Any CPU.ActiveCfg = Debug|Any CPU
		{D1A0643B-9C7D-4ADA-9B3F-FC9D25F33EBD}.Debug|Any CPU.Build.0 = Debug|Any CPU
		{D1A0643B-9C7D-4ADA-9B3F-FC9D25F33EBD}.Release|Any CPU.ActiveCfg = Release|Any CPU
		{D1A0643B-9C7D-4ADA-9B3F-FC9D25F33EBD}.Release|Any CPU.Build.0 = Release|Any CPU
		{28765CAD-F98A-4061-A26D-F40EE882BD6B}.Debug|Any CPU.ActiveCfg = Debug|Any CPU
		{28765CAD-F98A-4061-A26D-F40EE882BD6B}.Debug|Any CPU.Build.0 = Debug|Any CPU
		{28765CAD-F98A-4061-A26D-F40EE882BD6B}.Release|Any CPU.ActiveCfg = Release|Any CPU
		{28765CAD-F98A-4061-A26D-F40EE882BD6B}.Release|Any CPU.Build.0 = Release|Any CPU
		{E4F709F2-7457-4121-BD0B-A7F1A6E266E6}.Debug|Any CPU.ActiveCfg = Debug|Any CPU
		{E4F709F2-7457-4121-BD0B-A7F1A6E266E6}.Debug|Any CPU.Build.0 = Debug|Any CPU
		{E4F709F2-7457-4121-BD0B-A7F1A6E266E6}.Release|Any CPU.ActiveCfg = Release|Any CPU
		{E4F709F2-7457-4121-BD0B-A7F1A6E266E6}.Release|Any CPU.Build.0 = Release|Any CPU
		{E2867852-C438-4605-9BE8-796BB2C5FF9F}.Debug|Any CPU.ActiveCfg = Debug|Any CPU
		{E2867852-C438-4605-9BE8-796BB2C5FF9F}.Debug|Any CPU.Build.0 = Debug|Any CPU
		{E2867852-C438-4605-9BE8-796BB2C5FF9F}.Release|Any CPU.ActiveCfg = Release|Any CPU
		{E2867852-C438-4605-9BE8-796BB2C5FF9F}.Release|Any CPU.Build.0 = Release|Any CPU
		{DE345D63-7B44-4100-903D-2801C7A2DFA1}.Debug|Any CPU.ActiveCfg = Debug|Any CPU
		{DE345D63-7B44-4100-903D-2801C7A2DFA1}.Debug|Any CPU.Build.0 = Debug|Any CPU
		{DE345D63-7B44-4100-903D-2801C7A2DFA1}.Release|Any CPU.ActiveCfg = Release|Any CPU
		{DE345D63-7B44-4100-903D-2801C7A2DFA1}.Release|Any CPU.Build.0 = Release|Any CPU
		{694457A1-2FA1-4263-8BD1-107BFBD291BB}.Debug|Any CPU.ActiveCfg = Debug|Any CPU
		{694457A1-2FA1-4263-8BD1-107BFBD291BB}.Debug|Any CPU.Build.0 = Debug|Any CPU
		{694457A1-2FA1-4263-8BD1-107BFBD291BB}.Release|Any CPU.ActiveCfg = Release|Any CPU
		{694457A1-2FA1-4263-8BD1-107BFBD291BB}.Release|Any CPU.Build.0 = Release|Any CPU
		{01965705-AC74-48AB-AA42-149AF91832E4}.Debug|Any CPU.ActiveCfg = Debug|Any CPU
		{01965705-AC74-48AB-AA42-149AF91832E4}.Debug|Any CPU.Build.0 = Debug|Any CPU
		{01965705-AC74-48AB-AA42-149AF91832E4}.Release|Any CPU.ActiveCfg = Release|Any CPU
		{01965705-AC74-48AB-AA42-149AF91832E4}.Release|Any CPU.Build.0 = Release|Any CPU
		{5522FEBE-28ED-4EFD-8663-AC45B32DFC82}.Debug|Any CPU.ActiveCfg = Debug|Any CPU
		{5522FEBE-28ED-4EFD-8663-AC45B32DFC82}.Debug|Any CPU.Build.0 = Debug|Any CPU
		{5522FEBE-28ED-4EFD-8663-AC45B32DFC82}.Release|Any CPU.ActiveCfg = Release|Any CPU
		{5522FEBE-28ED-4EFD-8663-AC45B32DFC82}.Release|Any CPU.Build.0 = Release|Any CPU
		{9D99FAF2-C107-4765-B9AB-EE0D0E8BDCE7}.Debug|Any CPU.ActiveCfg = Debug|Any CPU
		{9D99FAF2-C107-4765-B9AB-EE0D0E8BDCE7}.Debug|Any CPU.Build.0 = Debug|Any CPU
		{9D99FAF2-C107-4765-B9AB-EE0D0E8BDCE7}.Release|Any CPU.ActiveCfg = Release|Any CPU
		{9D99FAF2-C107-4765-B9AB-EE0D0E8BDCE7}.Release|Any CPU.Build.0 = Release|Any CPU
		{EC66C8FC-3DFF-4ECD-B4FD-432752F8E947}.Debug|Any CPU.ActiveCfg = Debug|Any CPU
		{EC66C8FC-3DFF-4ECD-B4FD-432752F8E947}.Debug|Any CPU.Build.0 = Debug|Any CPU
		{EC66C8FC-3DFF-4ECD-B4FD-432752F8E947}.Release|Any CPU.ActiveCfg = Release|Any CPU
		{EC66C8FC-3DFF-4ECD-B4FD-432752F8E947}.Release|Any CPU.Build.0 = Release|Any CPU
		{CDE58C0D-E505-48F1-B02E-D2D4DC8B6ABD}.Debug|Any CPU.ActiveCfg = Debug|Any CPU
		{CDE58C0D-E505-48F1-B02E-D2D4DC8B6ABD}.Debug|Any CPU.Build.0 = Debug|Any CPU
		{CDE58C0D-E505-48F1-B02E-D2D4DC8B6ABD}.Release|Any CPU.ActiveCfg = Release|Any CPU
		{CDE58C0D-E505-48F1-B02E-D2D4DC8B6ABD}.Release|Any CPU.Build.0 = Release|Any CPU
		{4092A996-30D9-4B95-A855-13867F27F55D}.Debug|Any CPU.ActiveCfg = Debug|Any CPU
		{4092A996-30D9-4B95-A855-13867F27F55D}.Debug|Any CPU.Build.0 = Debug|Any CPU
		{4092A996-30D9-4B95-A855-13867F27F55D}.Release|Any CPU.ActiveCfg = Release|Any CPU
		{4092A996-30D9-4B95-A855-13867F27F55D}.Release|Any CPU.Build.0 = Release|Any CPU
		{46CC14DA-5A21-4562-956A-E7074AEE562D}.Debug|Any CPU.ActiveCfg = Debug|Any CPU
		{46CC14DA-5A21-4562-956A-E7074AEE562D}.Debug|Any CPU.Build.0 = Debug|Any CPU
		{46CC14DA-5A21-4562-956A-E7074AEE562D}.Release|Any CPU.ActiveCfg = Release|Any CPU
		{46CC14DA-5A21-4562-956A-E7074AEE562D}.Release|Any CPU.Build.0 = Release|Any CPU
		{B97EC143-0530-469A-8FEF-BFC7478F2C69}.Debug|Any CPU.ActiveCfg = Debug|Any CPU
		{B97EC143-0530-469A-8FEF-BFC7478F2C69}.Debug|Any CPU.Build.0 = Debug|Any CPU
		{B97EC143-0530-469A-8FEF-BFC7478F2C69}.Release|Any CPU.ActiveCfg = Release|Any CPU
		{B97EC143-0530-469A-8FEF-BFC7478F2C69}.Release|Any CPU.Build.0 = Release|Any CPU
		{FDA1044C-CC02-4C15-920A-84A75F59AD1B}.Debug|Any CPU.ActiveCfg = Debug|Any CPU
		{FDA1044C-CC02-4C15-920A-84A75F59AD1B}.Debug|Any CPU.Build.0 = Debug|Any CPU
		{FDA1044C-CC02-4C15-920A-84A75F59AD1B}.Release|Any CPU.ActiveCfg = Release|Any CPU
		{FDA1044C-CC02-4C15-920A-84A75F59AD1B}.Release|Any CPU.Build.0 = Release|Any CPU
		{9B1A2CC3-D383-45BB-8220-CB171A6E654B}.Debug|Any CPU.ActiveCfg = Debug|Any CPU
		{9B1A2CC3-D383-45BB-8220-CB171A6E654B}.Debug|Any CPU.Build.0 = Debug|Any CPU
		{9B1A2CC3-D383-45BB-8220-CB171A6E654B}.Release|Any CPU.ActiveCfg = Release|Any CPU
		{9B1A2CC3-D383-45BB-8220-CB171A6E654B}.Release|Any CPU.Build.0 = Release|Any CPU
		{F519ED3B-99E2-4199-BA30-70798ED45A8E}.Debug|Any CPU.ActiveCfg = Debug|Any CPU
		{F519ED3B-99E2-4199-BA30-70798ED45A8E}.Debug|Any CPU.Build.0 = Debug|Any CPU
		{F519ED3B-99E2-4199-BA30-70798ED45A8E}.Release|Any CPU.ActiveCfg = Release|Any CPU
		{F519ED3B-99E2-4199-BA30-70798ED45A8E}.Release|Any CPU.Build.0 = Release|Any CPU
		{6B2AE665-C6DF-4CAF-9278-2A224146DBA3}.Debug|Any CPU.ActiveCfg = Debug|Any CPU
		{6B2AE665-C6DF-4CAF-9278-2A224146DBA3}.Debug|Any CPU.Build.0 = Debug|Any CPU
		{6B2AE665-C6DF-4CAF-9278-2A224146DBA3}.Release|Any CPU.ActiveCfg = Release|Any CPU
		{6B2AE665-C6DF-4CAF-9278-2A224146DBA3}.Release|Any CPU.Build.0 = Release|Any CPU
		{787D2537-CC38-4227-9987-4746850593EC}.Debug|Any CPU.ActiveCfg = Debug|Any CPU
		{787D2537-CC38-4227-9987-4746850593EC}.Debug|Any CPU.Build.0 = Debug|Any CPU
		{787D2537-CC38-4227-9987-4746850593EC}.Release|Any CPU.ActiveCfg = Release|Any CPU
		{787D2537-CC38-4227-9987-4746850593EC}.Release|Any CPU.Build.0 = Release|Any CPU
		{6EC20275-A02C-48DA-BF53-0C1862047703}.Debug|Any CPU.ActiveCfg = Debug|Any CPU
		{6EC20275-A02C-48DA-BF53-0C1862047703}.Debug|Any CPU.Build.0 = Debug|Any CPU
		{6EC20275-A02C-48DA-BF53-0C1862047703}.Release|Any CPU.ActiveCfg = Release|Any CPU
		{6EC20275-A02C-48DA-BF53-0C1862047703}.Release|Any CPU.Build.0 = Release|Any CPU
		{FB203D6B-A74D-49E9-AC39-BE5B6C4B6172}.Debug|Any CPU.ActiveCfg = Debug|Any CPU
		{FB203D6B-A74D-49E9-AC39-BE5B6C4B6172}.Debug|Any CPU.Build.0 = Debug|Any CPU
		{FB203D6B-A74D-49E9-AC39-BE5B6C4B6172}.Release|Any CPU.ActiveCfg = Release|Any CPU
		{FB203D6B-A74D-49E9-AC39-BE5B6C4B6172}.Release|Any CPU.Build.0 = Release|Any CPU
		{B89FE916-A136-4049-903F-3EE35CF049DD}.Debug|Any CPU.ActiveCfg = Debug|Any CPU
		{B89FE916-A136-4049-903F-3EE35CF049DD}.Debug|Any CPU.Build.0 = Debug|Any CPU
		{B89FE916-A136-4049-903F-3EE35CF049DD}.Release|Any CPU.ActiveCfg = Release|Any CPU
		{B89FE916-A136-4049-903F-3EE35CF049DD}.Release|Any CPU.Build.0 = Release|Any CPU
		{910C2662-E18B-44D8-97C2-83B45CBA4ED4}.Debug|Any CPU.ActiveCfg = Debug|Any CPU
		{910C2662-E18B-44D8-97C2-83B45CBA4ED4}.Debug|Any CPU.Build.0 = Debug|Any CPU
		{910C2662-E18B-44D8-97C2-83B45CBA4ED4}.Release|Any CPU.ActiveCfg = Release|Any CPU
		{910C2662-E18B-44D8-97C2-83B45CBA4ED4}.Release|Any CPU.Build.0 = Release|Any CPU
	EndGlobalSection
	GlobalSection(SolutionProperties) = preSolution
		HideSolutionNode = FALSE
	EndGlobalSection
	GlobalSection(ExtensibilityGlobals) = postSolution
		SolutionGuid = {FC78A9A1-C5C0-4AF6-88AC-8FC00D1451D6}
	EndGlobalSection
EndGlobal
